// !$*UTF8*$!
{
	archiveVersion = 1;
	classes = {
	};
	objectVersion = 46;
	objects = {

/* Begin PBXBuildFile section */
		7888DBCFF07BEA5728C739F6 /* Pods_Project.framework in Frameworks */ = {isa = PBXBuildFile; fileRef = 221A142B6191D5076869C500 /* Pods_Project.framework */; };
		AA0FC3671D68BED500B00A26 /* ToursTableViewController.swift in Sources */ = {isa = PBXBuildFile; fileRef = AA0FC3661D68BED500B00A26 /* ToursTableViewController.swift */; };
		AA0FC3691D68BFEE00B00A26 /* SpecialTourCell.swift in Sources */ = {isa = PBXBuildFile; fileRef = AA0FC3681D68BFEE00B00A26 /* SpecialTourCell.swift */; };
		AA516C1D1D69F2F700E76BF5 /* SearchViewController.swift in Sources */ = {isa = PBXBuildFile; fileRef = AA516C1C1D69F2F700E76BF5 /* SearchViewController.swift */; };
		AA516C1F1D69F4E300E76BF5 /* SpecialSearchCell.swift in Sources */ = {isa = PBXBuildFile; fileRef = AA516C1E1D69F4E300E76BF5 /* SpecialSearchCell.swift */; };
		AA516C211D6A0D8D00E76BF5 /* WebViewController.swift in Sources */ = {isa = PBXBuildFile; fileRef = AA516C201D6A0D8D00E76BF5 /* WebViewController.swift */; };
		AA7903F41D81DD6400DB0F40 /* SWRevealViewController.m in Sources */ = {isa = PBXBuildFile; fileRef = AA7903F31D81DD6400DB0F40 /* SWRevealViewController.m */; };
		AA7903F81D82227000DB0F40 /* SimpleTableController.swift in Sources */ = {isa = PBXBuildFile; fileRef = AA7903F71D82227000DB0F40 /* SimpleTableController.swift */; };
		AA7903FC1D82263700DB0F40 /* SlideCell.swift in Sources */ = {isa = PBXBuildFile; fileRef = AA7903FB1D82263700DB0F40 /* SlideCell.swift */; };
		AA7903FF1D82408100DB0F40 /* AirshipKit in Resources */ = {isa = PBXBuildFile; fileRef = AA7903FD1D82408100DB0F40 /* AirshipKit */; };
		AA7904001D82408100DB0F40 /* Airship in Resources */ = {isa = PBXBuildFile; fileRef = AA7903FE1D82408100DB0F40 /* Airship */; };
		AA7904071D8240C700DB0F40 /* AirshipKit.framework in Frameworks */ = {isa = PBXBuildFile; fileRef = AA7904061D82409C00DB0F40 /* AirshipKit.framework */; };
		AA7904081D8240C700DB0F40 /* AirshipKit.framework in Embed Frameworks */ = {isa = PBXBuildFile; fileRef = AA7904061D82409C00DB0F40 /* AirshipKit.framework */; settings = {ATTRIBUTES = (CodeSignOnCopy, RemoveHeadersOnCopy, ); }; };
		AA79040D1D8241C500DB0F40 /* AirshipConfig.plist in Resources */ = {isa = PBXBuildFile; fileRef = AA79040C1D8241C500DB0F40 /* AirshipConfig.plist */; };
		AAD9B9F71D62247D0063F170 /* AppDelegate.swift in Sources */ = {isa = PBXBuildFile; fileRef = AAD9B9F61D62247D0063F170 /* AppDelegate.swift */; };
		AAD9B9F91D62247D0063F170 /* ViewController.swift in Sources */ = {isa = PBXBuildFile; fileRef = AAD9B9F81D62247D0063F170 /* ViewController.swift */; };
		AAD9B9FC1D62247D0063F170 /* Main.storyboard in Resources */ = {isa = PBXBuildFile; fileRef = AAD9B9FA1D62247D0063F170 /* Main.storyboard */; };
		AAD9B9FF1D62247D0063F170 /* Project.xcdatamodeld in Sources */ = {isa = PBXBuildFile; fileRef = AAD9B9FD1D62247D0063F170 /* Project.xcdatamodeld */; };
		AAD9BA011D62247D0063F170 /* Assets.xcassets in Resources */ = {isa = PBXBuildFile; fileRef = AAD9BA001D62247D0063F170 /* Assets.xcassets */; };
		AAD9BA041D62247D0063F170 /* LaunchScreen.storyboard in Resources */ = {isa = PBXBuildFile; fileRef = AAD9BA021D62247D0063F170 /* LaunchScreen.storyboard */; };
		AAD9BA0F1D62247D0063F170 /* ProjectTests.swift in Sources */ = {isa = PBXBuildFile; fileRef = AAD9BA0E1D62247D0063F170 /* ProjectTests.swift */; };
		AAD9BA1A1D62247D0063F170 /* ProjectUITests.swift in Sources */ = {isa = PBXBuildFile; fileRef = AAD9BA191D62247D0063F170 /* ProjectUITests.swift */; };
		AAD9BA2A1D63A3FA0063F170 /* InfoViewController.swift in Sources */ = {isa = PBXBuildFile; fileRef = AAD9BA291D63A3FA0063F170 /* InfoViewController.swift */; };
		AAF792E81D67841A00BB6286 /* ToursViewController.swift in Sources */ = {isa = PBXBuildFile; fileRef = AAF792E71D67841A00BB6286 /* ToursViewController.swift */; };
		AAFEC2991D66396000B60C61 /* Tur.swift in Sources */ = {isa = PBXBuildFile; fileRef = AAFEC2981D66396000B60C61 /* Tur.swift */; };
		AAFEC29B1D66399D00B60C61 /* TurEnums.swift in Sources */ = {isa = PBXBuildFile; fileRef = AAFEC29A1D66399D00B60C61 /* TurEnums.swift */; };
		AAFEC29D1D664DC800B60C61 /* FetchDatas.swift in Sources */ = {isa = PBXBuildFile; fileRef = AAFEC29C1D664DC800B60C61 /* FetchDatas.swift */; };
		AAFEC29F1D66686200B60C61 /* jsonContents.swift in Sources */ = {isa = PBXBuildFile; fileRef = AAFEC29E1D66686200B60C61 /* jsonContents.swift */; };
/* End PBXBuildFile section */

/* Begin PBXContainerItemProxy section */
		AA7904051D82409C00DB0F40 /* PBXContainerItemProxy */ = {
			isa = PBXContainerItemProxy;
			containerPortal = AA7904011D82409C00DB0F40 /* AirshipKit.xcodeproj */;
			proxyType = 2;
			remoteGlobalIDString = 494DD9571B0EB677009C134E;
			remoteInfo = AirshipKit;
		};
		AA7904091D8240C700DB0F40 /* PBXContainerItemProxy */ = {
			isa = PBXContainerItemProxy;
			containerPortal = AA7904011D82409C00DB0F40 /* AirshipKit.xcodeproj */;
			proxyType = 1;
			remoteGlobalIDString = 494DD9561B0EB677009C134E;
			remoteInfo = AirshipKit;
		};
		AAD9BA0B1D62247D0063F170 /* PBXContainerItemProxy */ = {
			isa = PBXContainerItemProxy;
			containerPortal = AAD9B9EB1D62247D0063F170 /* Project object */;
			proxyType = 1;
			remoteGlobalIDString = AAD9B9F21D62247D0063F170;
			remoteInfo = Project;
		};
		AAD9BA161D62247D0063F170 /* PBXContainerItemProxy */ = {
			isa = PBXContainerItemProxy;
			containerPortal = AAD9B9EB1D62247D0063F170 /* Project object */;
			proxyType = 1;
			remoteGlobalIDString = AAD9B9F21D62247D0063F170;
			remoteInfo = Project;
		};
/* End PBXContainerItemProxy section */

/* Begin PBXCopyFilesBuildPhase section */
		AA79040B1D8240C800DB0F40 /* Embed Frameworks */ = {
			isa = PBXCopyFilesBuildPhase;
			buildActionMask = 2147483647;
			dstPath = "";
			dstSubfolderSpec = 10;
			files = (
				AA7904081D8240C700DB0F40 /* AirshipKit.framework in Embed Frameworks */,
			);
			name = "Embed Frameworks";
			runOnlyForDeploymentPostprocessing = 0;
		};
/* End PBXCopyFilesBuildPhase section */

/* Begin PBXFileReference section */
		221A142B6191D5076869C500 /* Pods_Project.framework */ = {isa = PBXFileReference; explicitFileType = wrapper.framework; includeInIndex = 0; path = Pods_Project.framework; sourceTree = BUILT_PRODUCTS_DIR; };
		AA0FC3661D68BED500B00A26 /* ToursTableViewController.swift */ = {isa = PBXFileReference; fileEncoding = 4; lastKnownFileType = sourcecode.swift; path = ToursTableViewController.swift; sourceTree = "<group>"; };
		AA0FC3681D68BFEE00B00A26 /* SpecialTourCell.swift */ = {isa = PBXFileReference; fileEncoding = 4; lastKnownFileType = sourcecode.swift; path = SpecialTourCell.swift; sourceTree = "<group>"; };
		AA516C1C1D69F2F700E76BF5 /* SearchViewController.swift */ = {isa = PBXFileReference; fileEncoding = 4; lastKnownFileType = sourcecode.swift; path = SearchViewController.swift; sourceTree = "<group>"; };
		AA516C1E1D69F4E300E76BF5 /* SpecialSearchCell.swift */ = {isa = PBXFileReference; fileEncoding = 4; lastKnownFileType = sourcecode.swift; path = SpecialSearchCell.swift; sourceTree = "<group>"; };
		AA516C201D6A0D8D00E76BF5 /* WebViewController.swift */ = {isa = PBXFileReference; fileEncoding = 4; lastKnownFileType = sourcecode.swift; path = WebViewController.swift; sourceTree = "<group>"; };
		AA7903F11D81DD6300DB0F40 /* Project-Bridging-Header.h */ = {isa = PBXFileReference; lastKnownFileType = sourcecode.c.h; path = "Project-Bridging-Header.h"; sourceTree = "<group>"; };
		AA7903F21D81DD6400DB0F40 /* SWRevealViewController.h */ = {isa = PBXFileReference; fileEncoding = 4; lastKnownFileType = sourcecode.c.h; path = SWRevealViewController.h; sourceTree = "<group>"; };
		AA7903F31D81DD6400DB0F40 /* SWRevealViewController.m */ = {isa = PBXFileReference; fileEncoding = 4; lastKnownFileType = sourcecode.c.objc; path = SWRevealViewController.m; sourceTree = "<group>"; };
		AA7903F71D82227000DB0F40 /* SimpleTableController.swift */ = {isa = PBXFileReference; fileEncoding = 4; lastKnownFileType = sourcecode.swift; path = SimpleTableController.swift; sourceTree = "<group>"; };
		AA7903FB1D82263700DB0F40 /* SlideCell.swift */ = {isa = PBXFileReference; fileEncoding = 4; lastKnownFileType = sourcecode.swift; path = SlideCell.swift; sourceTree = "<group>"; };
		AA7903FD1D82408100DB0F40 /* AirshipKit */ = {isa = PBXFileReference; lastKnownFileType = folder; path = AirshipKit; sourceTree = "<group>"; };
		AA7903FE1D82408100DB0F40 /* Airship */ = {isa = PBXFileReference; lastKnownFileType = folder; path = Airship; sourceTree = "<group>"; };
		AA7904011D82409C00DB0F40 /* AirshipKit.xcodeproj */ = {isa = PBXFileReference; lastKnownFileType = "wrapper.pb-project"; name = AirshipKit.xcodeproj; path = AirshipKit/AirshipKit.xcodeproj; sourceTree = "<group>"; };
		AA79040C1D8241C500DB0F40 /* AirshipConfig.plist */ = {isa = PBXFileReference; fileEncoding = 4; lastKnownFileType = text.plist.xml; path = AirshipConfig.plist; sourceTree = "<group>"; };
		AAD9B9F31D62247D0063F170 /* Project.app */ = {isa = PBXFileReference; explicitFileType = wrapper.application; includeInIndex = 0; path = Project.app; sourceTree = BUILT_PRODUCTS_DIR; };
		AAD9B9F61D62247D0063F170 /* AppDelegate.swift */ = {isa = PBXFileReference; lastKnownFileType = sourcecode.swift; path = AppDelegate.swift; sourceTree = "<group>"; };
		AAD9B9F81D62247D0063F170 /* ViewController.swift */ = {isa = PBXFileReference; lastKnownFileType = sourcecode.swift; path = ViewController.swift; sourceTree = "<group>"; };
		AAD9B9FB1D62247D0063F170 /* Base */ = {isa = PBXFileReference; lastKnownFileType = file.storyboard; name = Base; path = Base.lproj/Main.storyboard; sourceTree = "<group>"; };
		AAD9B9FE1D62247D0063F170 /* Project.xcdatamodel */ = {isa = PBXFileReference; lastKnownFileType = wrapper.xcdatamodel; path = Project.xcdatamodel; sourceTree = "<group>"; };
		AAD9BA001D62247D0063F170 /* Assets.xcassets */ = {isa = PBXFileReference; lastKnownFileType = folder.assetcatalog; path = Assets.xcassets; sourceTree = "<group>"; };
		AAD9BA031D62247D0063F170 /* Base */ = {isa = PBXFileReference; lastKnownFileType = file.storyboard; name = Base; path = Base.lproj/LaunchScreen.storyboard; sourceTree = "<group>"; };
		AAD9BA051D62247D0063F170 /* Info.plist */ = {isa = PBXFileReference; lastKnownFileType = text.plist.xml; path = Info.plist; sourceTree = "<group>"; };
		AAD9BA0A1D62247D0063F170 /* ProjectTests.xctest */ = {isa = PBXFileReference; explicitFileType = wrapper.cfbundle; includeInIndex = 0; path = ProjectTests.xctest; sourceTree = BUILT_PRODUCTS_DIR; };
		AAD9BA0E1D62247D0063F170 /* ProjectTests.swift */ = {isa = PBXFileReference; lastKnownFileType = sourcecode.swift; path = ProjectTests.swift; sourceTree = "<group>"; };
		AAD9BA101D62247D0063F170 /* Info.plist */ = {isa = PBXFileReference; lastKnownFileType = text.plist.xml; path = Info.plist; sourceTree = "<group>"; };
		AAD9BA151D62247D0063F170 /* ProjectUITests.xctest */ = {isa = PBXFileReference; explicitFileType = wrapper.cfbundle; includeInIndex = 0; path = ProjectUITests.xctest; sourceTree = BUILT_PRODUCTS_DIR; };
		AAD9BA191D62247D0063F170 /* ProjectUITests.swift */ = {isa = PBXFileReference; lastKnownFileType = sourcecode.swift; path = ProjectUITests.swift; sourceTree = "<group>"; };
		AAD9BA1B1D62247D0063F170 /* Info.plist */ = {isa = PBXFileReference; lastKnownFileType = text.plist.xml; path = Info.plist; sourceTree = "<group>"; };
		AAD9BA291D63A3FA0063F170 /* InfoViewController.swift */ = {isa = PBXFileReference; fileEncoding = 4; lastKnownFileType = sourcecode.swift; path = InfoViewController.swift; sourceTree = "<group>"; };
		AAF792E71D67841A00BB6286 /* ToursViewController.swift */ = {isa = PBXFileReference; fileEncoding = 4; lastKnownFileType = sourcecode.swift; path = ToursViewController.swift; sourceTree = "<group>"; };
		AAFEC2981D66396000B60C61 /* Tur.swift */ = {isa = PBXFileReference; fileEncoding = 4; lastKnownFileType = sourcecode.swift; path = Tur.swift; sourceTree = "<group>"; };
		AAFEC29A1D66399D00B60C61 /* TurEnums.swift */ = {isa = PBXFileReference; fileEncoding = 4; lastKnownFileType = sourcecode.swift; path = TurEnums.swift; sourceTree = "<group>"; };
		AAFEC29C1D664DC800B60C61 /* FetchDatas.swift */ = {isa = PBXFileReference; fileEncoding = 4; lastKnownFileType = sourcecode.swift; path = FetchDatas.swift; sourceTree = "<group>"; };
		AAFEC29E1D66686200B60C61 /* jsonContents.swift */ = {isa = PBXFileReference; fileEncoding = 4; lastKnownFileType = sourcecode.swift; path = jsonContents.swift; sourceTree = "<group>"; };
		DD0D66A1023D898B4DFA7F24 /* Pods-Project.release.xcconfig */ = {isa = PBXFileReference; includeInIndex = 1; lastKnownFileType = text.xcconfig; name = "Pods-Project.release.xcconfig"; path = "Pods/Target Support Files/Pods-Project/Pods-Project.release.xcconfig"; sourceTree = "<group>"; };
		F548A17C5552BC38EA9DF636 /* Pods-Project.debug.xcconfig */ = {isa = PBXFileReference; includeInIndex = 1; lastKnownFileType = text.xcconfig; name = "Pods-Project.debug.xcconfig"; path = "Pods/Target Support Files/Pods-Project/Pods-Project.debug.xcconfig"; sourceTree = "<group>"; };
/* End PBXFileReference section */

/* Begin PBXFrameworksBuildPhase section */
		AAD9B9F01D62247D0063F170 /* Frameworks */ = {
			isa = PBXFrameworksBuildPhase;
			buildActionMask = 2147483647;
			files = (
				AA7904071D8240C700DB0F40 /* AirshipKit.framework in Frameworks */,
				7888DBCFF07BEA5728C739F6 /* Pods_Project.framework in Frameworks */,
			);
			runOnlyForDeploymentPostprocessing = 0;
		};
		AAD9BA071D62247D0063F170 /* Frameworks */ = {
			isa = PBXFrameworksBuildPhase;
			buildActionMask = 2147483647;
			files = (
			);
			runOnlyForDeploymentPostprocessing = 0;
		};
		AAD9BA121D62247D0063F170 /* Frameworks */ = {
			isa = PBXFrameworksBuildPhase;
			buildActionMask = 2147483647;
			files = (
			);
			runOnlyForDeploymentPostprocessing = 0;
		};
/* End PBXFrameworksBuildPhase section */

/* Begin PBXGroup section */
		AA7904021D82409C00DB0F40 /* Products */ = {
			isa = PBXGroup;
			children = (
				AA7904061D82409C00DB0F40 /* AirshipKit.framework */,
			);
			name = Products;
			sourceTree = "<group>";
		};
		AAD9B9EA1D62247D0063F170 = {
			isa = PBXGroup;
			children = (
				AA79040C1D8241C500DB0F40 /* AirshipConfig.plist */,
				AA7904011D82409C00DB0F40 /* AirshipKit.xcodeproj */,
				AAD9B9F51D62247D0063F170 /* Project */,
				AAD9BA0D1D62247D0063F170 /* ProjectTests */,
				AAD9BA181D62247D0063F170 /* ProjectUITests */,
				AAD9B9F41D62247D0063F170 /* Products */,
				CD8F0037731062DC9D587961 /* Pods */,
				CD7D453A73759CE4DC195883 /* Frameworks */,
			);
			sourceTree = "<group>";
		};
		AAD9B9F41D62247D0063F170 /* Products */ = {
			isa = PBXGroup;
			children = (
				AAD9B9F31D62247D0063F170 /* Project.app */,
				AAD9BA0A1D62247D0063F170 /* ProjectTests.xctest */,
				AAD9BA151D62247D0063F170 /* ProjectUITests.xctest */,
			);
			name = Products;
			sourceTree = "<group>";
		};
		AAD9B9F51D62247D0063F170 /* Project */ = {
			isa = PBXGroup;
			children = (
				AAD9B9F61D62247D0063F170 /* AppDelegate.swift */,
				AAD9B9FA1D62247D0063F170 /* Main.storyboard */,
				AAD9BA001D62247D0063F170 /* Assets.xcassets */,
				AAD9BA021D62247D0063F170 /* LaunchScreen.storyboard */,
				AAD9B9FD1D62247D0063F170 /* Project.xcdatamodeld */,
				AAD9BA051D62247D0063F170 /* Info.plist */,
				AA7903F21D81DD6400DB0F40 /* SWRevealViewController.h */,
				AA7903F31D81DD6400DB0F40 /* SWRevealViewController.m */,
				AAF9E4831D6A3A960014F631 /* Data Class */,
				AAF9E4821D6A3A7E0014F631 /* TableCellClass */,
				AAF9E4811D6A3A560014F631 /* ViewControllers */,
				AA7903F11D81DD6300DB0F40 /* Project-Bridging-Header.h */,
				AA7903F71D82227000DB0F40 /* SimpleTableController.swift */,
			);
			path = Project;
			sourceTree = "<group>";
		};
		AAD9BA0D1D62247D0063F170 /* ProjectTests */ = {
			isa = PBXGroup;
			children = (
				AAD9BA0E1D62247D0063F170 /* ProjectTests.swift */,
				AAD9BA101D62247D0063F170 /* Info.plist */,
			);
			path = ProjectTests;
			sourceTree = "<group>";
		};
		AAD9BA181D62247D0063F170 /* ProjectUITests */ = {
			isa = PBXGroup;
			children = (
				AAD9BA191D62247D0063F170 /* ProjectUITests.swift */,
				AAD9BA1B1D62247D0063F170 /* Info.plist */,
			);
			path = ProjectUITests;
			sourceTree = "<group>";
		};
		AAF9E4811D6A3A560014F631 /* ViewControllers */ = {
			isa = PBXGroup;
			children = (
				AAD9BA291D63A3FA0063F170 /* InfoViewController.swift */,
				AAD9B9F81D62247D0063F170 /* ViewController.swift */,
				AAF792E71D67841A00BB6286 /* ToursViewController.swift */,
				AA0FC3661D68BED500B00A26 /* ToursTableViewController.swift */,
				AA516C1C1D69F2F700E76BF5 /* SearchViewController.swift */,
				AA516C201D6A0D8D00E76BF5 /* WebViewController.swift */,
			);
			name = ViewControllers;
			sourceTree = "<group>";
		};
		AAF9E4821D6A3A7E0014F631 /* TableCellClass */ = {
			isa = PBXGroup;
			children = (
				AA0FC3681D68BFEE00B00A26 /* SpecialTourCell.swift */,
				AA516C1E1D69F4E300E76BF5 /* SpecialSearchCell.swift */,
				AA7903FB1D82263700DB0F40 /* SlideCell.swift */,
			);
			name = TableCellClass;
			sourceTree = "<group>";
		};
		AAF9E4831D6A3A960014F631 /* Data Class */ = {
			isa = PBXGroup;
			children = (
				AAFEC29E1D66686200B60C61 /* jsonContents.swift */,
				AAFEC2981D66396000B60C61 /* Tur.swift */,
				AAFEC29A1D66399D00B60C61 /* TurEnums.swift */,
				AAFEC29C1D664DC800B60C61 /* FetchDatas.swift */,
			);
			name = "Data Class";
			sourceTree = "<group>";
		};
		CD7D453A73759CE4DC195883 /* Frameworks */ = {
			isa = PBXGroup;
			children = (
				AA7903FD1D82408100DB0F40 /* AirshipKit */,
				AA7903FE1D82408100DB0F40 /* Airship */,
				221A142B6191D5076869C500 /* Pods_Project.framework */,
			);
			name = Frameworks;
			sourceTree = "<group>";
		};
		CD8F0037731062DC9D587961 /* Pods */ = {
			isa = PBXGroup;
			children = (
				F548A17C5552BC38EA9DF636 /* Pods-Project.debug.xcconfig */,
				DD0D66A1023D898B4DFA7F24 /* Pods-Project.release.xcconfig */,
			);
			name = Pods;
			sourceTree = "<group>";
		};
/* End PBXGroup section */

/* Begin PBXNativeTarget section */
		AAD9B9F21D62247D0063F170 /* Project */ = {
			isa = PBXNativeTarget;
			buildConfigurationList = AAD9BA1E1D62247E0063F170 /* Build configuration list for PBXNativeTarget "Project" */;
			buildPhases = (
				5B08206AD245C8D95BE82105 /* [CP] Check Pods Manifest.lock */,
				AAD9B9EF1D62247D0063F170 /* Sources */,
				AAD9B9F01D62247D0063F170 /* Frameworks */,
				AAD9B9F11D62247D0063F170 /* Resources */,
				70CCD57B02F4DEFBA2598375 /* [CP] Embed Pods Frameworks */,
				3D21027FA4160DFBB29504A2 /* [CP] Copy Pods Resources */,
				AA79040B1D8240C800DB0F40 /* Embed Frameworks */,
			);
			buildRules = (
			);
			dependencies = (
				AA79040A1D8240C700DB0F40 /* PBXTargetDependency */,
			);
			name = Project;
			productName = Project;
			productReference = AAD9B9F31D62247D0063F170 /* Project.app */;
			productType = "com.apple.product-type.application";
		};
		AAD9BA091D62247D0063F170 /* ProjectTests */ = {
			isa = PBXNativeTarget;
			buildConfigurationList = AAD9BA211D62247E0063F170 /* Build configuration list for PBXNativeTarget "ProjectTests" */;
			buildPhases = (
				AAD9BA061D62247D0063F170 /* Sources */,
				AAD9BA071D62247D0063F170 /* Frameworks */,
				AAD9BA081D62247D0063F170 /* Resources */,
			);
			buildRules = (
			);
			dependencies = (
				AAD9BA0C1D62247D0063F170 /* PBXTargetDependency */,
			);
			name = ProjectTests;
			productName = ProjectTests;
			productReference = AAD9BA0A1D62247D0063F170 /* ProjectTests.xctest */;
			productType = "com.apple.product-type.bundle.unit-test";
		};
		AAD9BA141D62247D0063F170 /* ProjectUITests */ = {
			isa = PBXNativeTarget;
			buildConfigurationList = AAD9BA241D62247E0063F170 /* Build configuration list for PBXNativeTarget "ProjectUITests" */;
			buildPhases = (
				AAD9BA111D62247D0063F170 /* Sources */,
				AAD9BA121D62247D0063F170 /* Frameworks */,
				AAD9BA131D62247D0063F170 /* Resources */,
			);
			buildRules = (
			);
			dependencies = (
				AAD9BA171D62247D0063F170 /* PBXTargetDependency */,
			);
			name = ProjectUITests;
			productName = ProjectUITests;
			productReference = AAD9BA151D62247D0063F170 /* ProjectUITests.xctest */;
			productType = "com.apple.product-type.bundle.ui-testing";
		};
/* End PBXNativeTarget section */

/* Begin PBXProject section */
		AAD9B9EB1D62247D0063F170 /* Project object */ = {
			isa = PBXProject;
			attributes = {
				LastSwiftUpdateCheck = 0730;
				LastUpgradeCheck = 0730;
				ORGANIZATIONNAME = EmrahKorkmaz;
				TargetAttributes = {
					AAD9B9F21D62247D0063F170 = {
						CreatedOnToolsVersion = 7.3.1;
						SystemCapabilities = {
							com.apple.BackgroundModes = {
								enabled = 1;
							};
						};
					};
					AAD9BA091D62247D0063F170 = {
						CreatedOnToolsVersion = 7.3.1;
						TestTargetID = AAD9B9F21D62247D0063F170;
					};
					AAD9BA141D62247D0063F170 = {
						CreatedOnToolsVersion = 7.3.1;
						TestTargetID = AAD9B9F21D62247D0063F170;
					};
				};
			};
			buildConfigurationList = AAD9B9EE1D62247D0063F170 /* Build configuration list for PBXProject "Project" */;
			compatibilityVersion = "Xcode 3.2";
			developmentRegion = English;
			hasScannedForEncodings = 0;
			knownRegions = (
				en,
				Base,
			);
			mainGroup = AAD9B9EA1D62247D0063F170;
			productRefGroup = AAD9B9F41D62247D0063F170 /* Products */;
			projectDirPath = "";
			projectReferences = (
				{
					ProductGroup = AA7904021D82409C00DB0F40 /* Products */;
					ProjectRef = AA7904011D82409C00DB0F40 /* AirshipKit.xcodeproj */;
				},
			);
			projectRoot = "";
			targets = (
				AAD9B9F21D62247D0063F170 /* Project */,
				AAD9BA091D62247D0063F170 /* ProjectTests */,
				AAD9BA141D62247D0063F170 /* ProjectUITests */,
			);
		};
/* End PBXProject section */

/* Begin PBXReferenceProxy section */
		AA7904061D82409C00DB0F40 /* AirshipKit.framework */ = {
			isa = PBXReferenceProxy;
			fileType = wrapper.framework;
			path = AirshipKit.framework;
			remoteRef = AA7904051D82409C00DB0F40 /* PBXContainerItemProxy */;
			sourceTree = BUILT_PRODUCTS_DIR;
		};
/* End PBXReferenceProxy section */

/* Begin PBXResourcesBuildPhase section */
		AAD9B9F11D62247D0063F170 /* Resources */ = {
			isa = PBXResourcesBuildPhase;
			buildActionMask = 2147483647;
			files = (
				AAD9BA041D62247D0063F170 /* LaunchScreen.storyboard in Resources */,
				AA79040D1D8241C500DB0F40 /* AirshipConfig.plist in Resources */,
				AA7903FF1D82408100DB0F40 /* AirshipKit in Resources */,
				AAD9BA011D62247D0063F170 /* Assets.xcassets in Resources */,
				AA7904001D82408100DB0F40 /* Airship in Resources */,
				AAD9B9FC1D62247D0063F170 /* Main.storyboard in Resources */,
			);
			runOnlyForDeploymentPostprocessing = 0;
		};
		AAD9BA081D62247D0063F170 /* Resources */ = {
			isa = PBXResourcesBuildPhase;
			buildActionMask = 2147483647;
			files = (
			);
			runOnlyForDeploymentPostprocessing = 0;
		};
		AAD9BA131D62247D0063F170 /* Resources */ = {
			isa = PBXResourcesBuildPhase;
			buildActionMask = 2147483647;
			files = (
			);
			runOnlyForDeploymentPostprocessing = 0;
		};
/* End PBXResourcesBuildPhase section */

/* Begin PBXShellScriptBuildPhase section */
		3D21027FA4160DFBB29504A2 /* [CP] Copy Pods Resources */ = {
			isa = PBXShellScriptBuildPhase;
			buildActionMask = 2147483647;
			files = (
			);
			inputPaths = (
			);
			name = "[CP] Copy Pods Resources";
			outputPaths = (
			);
			runOnlyForDeploymentPostprocessing = 0;
			shellPath = /bin/sh;
			shellScript = "\"${SRCROOT}/Pods/Target Support Files/Pods-Project/Pods-Project-resources.sh\"\n";
			showEnvVarsInLog = 0;
		};
		5B08206AD245C8D95BE82105 /* [CP] Check Pods Manifest.lock */ = {
			isa = PBXShellScriptBuildPhase;
			buildActionMask = 2147483647;
			files = (
			);
			inputPaths = (
			);
			name = "[CP] Check Pods Manifest.lock";
			outputPaths = (
			);
			runOnlyForDeploymentPostprocessing = 0;
			shellPath = /bin/sh;
			shellScript = "diff \"${PODS_ROOT}/../Podfile.lock\" \"${PODS_ROOT}/Manifest.lock\" > /dev/null\nif [ $? != 0 ] ; then\n    # print error to STDERR\n    echo \"error: The sandbox is not in sync with the Podfile.lock. Run 'pod install' or update your CocoaPods installation.\" >&2\n    exit 1\nfi\n";
			showEnvVarsInLog = 0;
		};
		70CCD57B02F4DEFBA2598375 /* [CP] Embed Pods Frameworks */ = {
			isa = PBXShellScriptBuildPhase;
			buildActionMask = 2147483647;
			files = (
			);
			inputPaths = (
			);
			name = "[CP] Embed Pods Frameworks";
			outputPaths = (
			);
			runOnlyForDeploymentPostprocessing = 0;
			shellPath = /bin/sh;
			shellScript = "\"${SRCROOT}/Pods/Target Support Files/Pods-Project/Pods-Project-frameworks.sh\"\n";
			showEnvVarsInLog = 0;
		};
/* End PBXShellScriptBuildPhase section */

/* Begin PBXSourcesBuildPhase section */
		AAD9B9EF1D62247D0063F170 /* Sources */ = {
			isa = PBXSourcesBuildPhase;
			buildActionMask = 2147483647;
			files = (
				AAD9B9F91D62247D0063F170 /* ViewController.swift in Sources */,
				AA0FC3671D68BED500B00A26 /* ToursTableViewController.swift in Sources */,
				AA7903F41D81DD6400DB0F40 /* SWRevealViewController.m in Sources */,
				AA516C1F1D69F4E300E76BF5 /* SpecialSearchCell.swift in Sources */,
				AAD9B9FF1D62247D0063F170 /* Project.xcdatamodeld in Sources */,
				AAFEC29B1D66399D00B60C61 /* TurEnums.swift in Sources */,
				AA0FC3691D68BFEE00B00A26 /* SpecialTourCell.swift in Sources */,
				AAF792E81D67841A00BB6286 /* ToursViewController.swift in Sources */,
				AA516C1D1D69F2F700E76BF5 /* SearchViewController.swift in Sources */,
				AAFEC2991D66396000B60C61 /* Tur.swift in Sources */,
				AAFEC29D1D664DC800B60C61 /* FetchDatas.swift in Sources */,
				AAFEC29F1D66686200B60C61 /* jsonContents.swift in Sources */,
				AA7903FC1D82263700DB0F40 /* SlideCell.swift in Sources */,
				AA516C211D6A0D8D00E76BF5 /* WebViewController.swift in Sources */,
				AA7903F81D82227000DB0F40 /* SimpleTableController.swift in Sources */,
				AAD9BA2A1D63A3FA0063F170 /* InfoViewController.swift in Sources */,
				AAD9B9F71D62247D0063F170 /* AppDelegate.swift in Sources */,
			);
			runOnlyForDeploymentPostprocessing = 0;
		};
		AAD9BA061D62247D0063F170 /* Sources */ = {
			isa = PBXSourcesBuildPhase;
			buildActionMask = 2147483647;
			files = (
				AAD9BA0F1D62247D0063F170 /* ProjectTests.swift in Sources */,
			);
			runOnlyForDeploymentPostprocessing = 0;
		};
		AAD9BA111D62247D0063F170 /* Sources */ = {
			isa = PBXSourcesBuildPhase;
			buildActionMask = 2147483647;
			files = (
				AAD9BA1A1D62247D0063F170 /* ProjectUITests.swift in Sources */,
			);
			runOnlyForDeploymentPostprocessing = 0;
		};
/* End PBXSourcesBuildPhase section */

/* Begin PBXTargetDependency section */
		AA79040A1D8240C700DB0F40 /* PBXTargetDependency */ = {
			isa = PBXTargetDependency;
			name = AirshipKit;
			targetProxy = AA7904091D8240C700DB0F40 /* PBXContainerItemProxy */;
		};
		AAD9BA0C1D62247D0063F170 /* PBXTargetDependency */ = {
			isa = PBXTargetDependency;
			target = AAD9B9F21D62247D0063F170 /* Project */;
			targetProxy = AAD9BA0B1D62247D0063F170 /* PBXContainerItemProxy */;
		};
		AAD9BA171D62247D0063F170 /* PBXTargetDependency */ = {
			isa = PBXTargetDependency;
			target = AAD9B9F21D62247D0063F170 /* Project */;
			targetProxy = AAD9BA161D62247D0063F170 /* PBXContainerItemProxy */;
		};
/* End PBXTargetDependency section */

/* Begin PBXVariantGroup section */
		AAD9B9FA1D62247D0063F170 /* Main.storyboard */ = {
			isa = PBXVariantGroup;
			children = (
				AAD9B9FB1D62247D0063F170 /* Base */,
			);
			name = Main.storyboard;
			sourceTree = "<group>";
		};
		AAD9BA021D62247D0063F170 /* LaunchScreen.storyboard */ = {
			isa = PBXVariantGroup;
			children = (
				AAD9BA031D62247D0063F170 /* Base */,
			);
			name = LaunchScreen.storyboard;
			sourceTree = "<group>";
		};
/* End PBXVariantGroup section */

/* Begin XCBuildConfiguration section */
		AAD9BA1C1D62247E0063F170 /* Debug */ = {
			isa = XCBuildConfiguration;
			buildSettings = {
				ALWAYS_SEARCH_USER_PATHS = NO;
				CLANG_ANALYZER_NONNULL = YES;
				CLANG_CXX_LANGUAGE_STANDARD = "gnu++0x";
				CLANG_CXX_LIBRARY = "libc++";
				CLANG_ENABLE_MODULES = YES;
				CLANG_ENABLE_OBJC_ARC = YES;
				CLANG_WARN_BOOL_CONVERSION = YES;
				CLANG_WARN_CONSTANT_CONVERSION = YES;
				CLANG_WARN_DIRECT_OBJC_ISA_USAGE = YES_ERROR;
				CLANG_WARN_EMPTY_BODY = YES;
				CLANG_WARN_ENUM_CONVERSION = YES;
				CLANG_WARN_INT_CONVERSION = YES;
				CLANG_WARN_OBJC_ROOT_CLASS = YES_ERROR;
				CLANG_WARN_UNREACHABLE_CODE = YES;
				CLANG_WARN__DUPLICATE_METHOD_MATCH = YES;
				"CODE_SIGN_IDENTITY[sdk=iphoneos*]" = "iPhone Developer";
				COPY_PHASE_STRIP = NO;
				DEBUG_INFORMATION_FORMAT = dwarf;
				ENABLE_STRICT_OBJC_MSGSEND = YES;
				ENABLE_TESTABILITY = YES;
				GCC_C_LANGUAGE_STANDARD = gnu99;
				GCC_DYNAMIC_NO_PIC = NO;
				GCC_NO_COMMON_BLOCKS = YES;
				GCC_OPTIMIZATION_LEVEL = 0;
				GCC_PREPROCESSOR_DEFINITIONS = (
					"DEBUG=1",
					"$(inherited)",
				);
				GCC_WARN_64_TO_32_BIT_CONVERSION = YES;
				GCC_WARN_ABOUT_RETURN_TYPE = YES_ERROR;
				GCC_WARN_UNDECLARED_SELECTOR = YES;
				GCC_WARN_UNINITIALIZED_AUTOS = YES_AGGRESSIVE;
				GCC_WARN_UNUSED_FUNCTION = YES;
				GCC_WARN_UNUSED_VARIABLE = YES;
				IPHONEOS_DEPLOYMENT_TARGET = 9.3;
				MTL_ENABLE_DEBUG_INFO = YES;
				ONLY_ACTIVE_ARCH = YES;
				OTHER_LIBTOOLFLAGS = "-ObjC";
				SDKROOT = iphoneos;
				SWIFT_OPTIMIZATION_LEVEL = "-Onone";
			};
			name = Debug;
		};
		AAD9BA1D1D62247E0063F170 /* Release */ = {
			isa = XCBuildConfiguration;
			buildSettings = {
				ALWAYS_SEARCH_USER_PATHS = NO;
				CLANG_ANALYZER_NONNULL = YES;
				CLANG_CXX_LANGUAGE_STANDARD = "gnu++0x";
				CLANG_CXX_LIBRARY = "libc++";
				CLANG_ENABLE_MODULES = YES;
				CLANG_ENABLE_OBJC_ARC = YES;
				CLANG_WARN_BOOL_CONVERSION = YES;
				CLANG_WARN_CONSTANT_CONVERSION = YES;
				CLANG_WARN_DIRECT_OBJC_ISA_USAGE = YES_ERROR;
				CLANG_WARN_EMPTY_BODY = YES;
				CLANG_WARN_ENUM_CONVERSION = YES;
				CLANG_WARN_INT_CONVERSION = YES;
				CLANG_WARN_OBJC_ROOT_CLASS = YES_ERROR;
				CLANG_WARN_UNREACHABLE_CODE = YES;
				CLANG_WARN__DUPLICATE_METHOD_MATCH = YES;
				"CODE_SIGN_IDENTITY[sdk=iphoneos*]" = "iPhone Developer";
				COPY_PHASE_STRIP = NO;
				DEBUG_INFORMATION_FORMAT = "dwarf-with-dsym";
				ENABLE_NS_ASSERTIONS = NO;
				ENABLE_STRICT_OBJC_MSGSEND = YES;
				GCC_C_LANGUAGE_STANDARD = gnu99;
				GCC_NO_COMMON_BLOCKS = YES;
				GCC_WARN_64_TO_32_BIT_CONVERSION = YES;
				GCC_WARN_ABOUT_RETURN_TYPE = YES_ERROR;
				GCC_WARN_UNDECLARED_SELECTOR = YES;
				GCC_WARN_UNINITIALIZED_AUTOS = YES_AGGRESSIVE;
				GCC_WARN_UNUSED_FUNCTION = YES;
				GCC_WARN_UNUSED_VARIABLE = YES;
				IPHONEOS_DEPLOYMENT_TARGET = 9.3;
				MTL_ENABLE_DEBUG_INFO = NO;
				OTHER_LIBTOOLFLAGS = "-ObjC";
				SDKROOT = iphoneos;
				VALIDATE_PRODUCT = YES;
			};
			name = Release;
		};
		AAD9BA1F1D62247E0063F170 /* Debug */ = {
			isa = XCBuildConfiguration;
			baseConfigurationReference = F548A17C5552BC38EA9DF636 /* Pods-Project.debug.xcconfig */;
			buildSettings = {
				ASSETCATALOG_COMPILER_APPICON_NAME = AppIcon;
				CLANG_ENABLE_MODULES = YES;
				HEADER_SEARCH_PATHS = "../Airship/**";
				INFOPLIST_FILE = Project/Info.plist;
				LD_RUNPATH_SEARCH_PATHS = "$(inherited) @executable_path/Frameworks";
				PRODUCT_BUNDLE_IDENTIFIER = com.emrah.Project;
				PRODUCT_NAME = "$(TARGET_NAME)";
				SWIFT_OBJC_BRIDGING_HEADER = "Project/Project-Bridging-Header.h";
				SWIFT_OPTIMIZATION_LEVEL = "-Onone";
			};
			name = Debug;
		};
		AAD9BA201D62247E0063F170 /* Release */ = {
			isa = XCBuildConfiguration;
			baseConfigurationReference = DD0D66A1023D898B4DFA7F24 /* Pods-Project.release.xcconfig */;
			buildSettings = {
				ASSETCATALOG_COMPILER_APPICON_NAME = AppIcon;
				CLANG_ENABLE_MODULES = YES;
				HEADER_SEARCH_PATHS = "../Airship/**";
				INFOPLIST_FILE = Project/Info.plist;
				LD_RUNPATH_SEARCH_PATHS = "$(inherited) @executable_path/Frameworks";
				PRODUCT_BUNDLE_IDENTIFIER = com.emrah.Project;
				PRODUCT_NAME = "$(TARGET_NAME)";
				SWIFT_OBJC_BRIDGING_HEADER = "Project/Project-Bridging-Header.h";
			};
			name = Release;
		};
		AAD9BA221D62247E0063F170 /* Debug */ = {
			isa = XCBuildConfiguration;
			buildSettings = {
				BUNDLE_LOADER = "$(TEST_HOST)";
				INFOPLIST_FILE = ProjectTests/Info.plist;
				LD_RUNPATH_SEARCH_PATHS = "$(inherited) @executable_path/Frameworks @loader_path/Frameworks";
				PRODUCT_BUNDLE_IDENTIFIER = com.emrah.ProjectTests;
				PRODUCT_NAME = "$(TARGET_NAME)";
				TEST_HOST = "$(BUILT_PRODUCTS_DIR)/Project.app/Project";
			};
			name = Debug;
		};
		AAD9BA231D62247E0063F170 /* Release */ = {
			isa = XCBuildConfiguration;
			buildSettings = {
				BUNDLE_LOADER = "$(TEST_HOST)";
				INFOPLIST_FILE = ProjectTests/Info.plist;
				LD_RUNPATH_SEARCH_PATHS = "$(inherited) @executable_path/Frameworks @loader_path/Frameworks";
				PRODUCT_BUNDLE_IDENTIFIER = com.emrah.ProjectTests;
				PRODUCT_NAME = "$(TARGET_NAME)";
				TEST_HOST = "$(BUILT_PRODUCTS_DIR)/Project.app/Project";
			};
			name = Release;
		};
		AAD9BA251D62247E0063F170 /* Debug */ = {
			isa = XCBuildConfiguration;
			buildSettings = {
				INFOPLIST_FILE = ProjectUITests/Info.plist;
				LD_RUNPATH_SEARCH_PATHS = "$(inherited) @executable_path/Frameworks @loader_path/Frameworks";
				PRODUCT_BUNDLE_IDENTIFIER = com.emrah.ProjectUITests;
				PRODUCT_NAME = "$(TARGET_NAME)";
				TEST_TARGET_NAME = Project;
			};
			name = Debug;
		};
		AAD9BA261D62247E0063F170 /* Release */ = {
			isa = XCBuildConfiguration;
			buildSettings = {
				INFOPLIST_FILE = ProjectUITests/Info.plist;
				LD_RUNPATH_SEARCH_PATHS = "$(inherited) @executable_path/Frameworks @loader_path/Frameworks";
				PRODUCT_BUNDLE_IDENTIFIER = com.emrah.ProjectUITests;
				PRODUCT_NAME = "$(TARGET_NAME)";
				TEST_TARGET_NAME = Project;
			};
			name = Release;
		};
/* End XCBuildConfiguration section */

/* Begin XCConfigurationList section */
		AAD9B9EE1D62247D0063F170 /* Build configuration list for PBXProject "Project" */ = {
			isa = XCConfigurationList;
			buildConfigurations = (
				AAD9BA1C1D62247E0063F170 /* Debug */,
				AAD9BA1D1D62247E0063F170 /* Release */,
			);
			defaultConfigurationIsVisible = 0;
			defaultConfigurationName = Release;
		};
		AAD9BA1E1D62247E0063F170 /* Build configuration list for PBXNativeTarget "Project" */ = {
			isa = XCConfigurationList;
			buildConfigurations = (
				AAD9BA1F1D62247E0063F170 /* Debug */,
				AAD9BA201D62247E0063F170 /* Release */,
			);
			defaultConfigurationIsVisible = 0;
			defaultConfigurationName = Release;
		};
		AAD9BA211D62247E0063F170 /* Build configuration list for PBXNativeTarget "ProjectTests" */ = {
			isa = XCConfigurationList;
			buildConfigurations = (
				AAD9BA221D62247E0063F170 /* Debug */,
				AAD9BA231D62247E0063F170 /* Release */,
			);
			defaultConfigurationIsVisible = 0;
			defaultConfigurationName = Release;
		};
		AAD9BA241D62247E0063F170 /* Build configuration list for PBXNativeTarget "ProjectUITests" */ = {
			isa = XCConfigurationList;
			buildConfigurations = (
				AAD9BA251D62247E0063F170 /* Debug */,
				AAD9BA261D62247E0063F170 /* Release */,
			);
			defaultConfigurationIsVisible = 0;
			defaultConfigurationName = Release;
		};
/* End XCConfigurationList section */

/* Begin XCVersionGroup section */
		AAD9B9FD1D62247D0063F170 /* Project.xcdatamodeld */ = {
			isa = XCVersionGroup;
			children = (
				AAD9B9FE1D62247D0063F170 /* Project.xcdatamodel */,
			);
			currentVersion = AAD9B9FE1D62247D0063F170 /* Project.xcdatamodel */;
			path = Project.xcdatamodeld;
			sourceTree = "<group>";
			versionGroupType = wrapper.xcdatamodel;
		};
/* End XCVersionGroup section */
	};
	rootObject = AAD9B9EB1D62247D0063F170 /* Project object */;
}
